
Microsoft Visual Studio Solution File, Format Version 12.00
# Visual Studio 15
VisualStudioVersion = 15.0.27428.2015
MinimumVisualStudioVersion = 10.0.40219.1
Project("{FAE04EC0-301F-11D3-BF4B-00C04F79EFBC}") = "Miao_ToolCase", "Miao_ToolCase\Miao_ToolCase.csproj", "{8B3FF924-A6CC-4E4D-9ED1-1A4DF8E9FD6D}"
EndProject
Project("{FAE04EC0-301F-11D3-BF4B-00C04F79EFBC}") = "Type_Conver类型转换", "Type_Conver\Type_Conver类型转换.csproj", "{1431A7F9-8717-412A-B4AB-274AB6142C37}"
EndProject
Project("{FAE04EC0-301F-11D3-BF4B-00C04F79EFBC}") = "Skill_Point技能点", "Skill_Point\Skill_Point技能点.csproj", "{1E3943B2-B43F-45E9-A578-12DF1D6AE2D5}"
EndProject
Project("{2150E333-8FDC-42A3-9474-1A3956D46DE8}") = "Bins", "Bins", "{AC33E8CC-ECF6-4DE4-A72E-F76CA1F2B47A}"
	ProjectSection(SolutionItems) = preProject
		..\Test\BasicKnowledge\bin\Debug\log4net.dll = ..\Test\BasicKnowledge\bin\Debug\log4net.dll
		..\Test\Test\bin\Microsoft.Office.Interop.Excel.dll = ..\Test\Test\bin\Microsoft.Office.Interop.Excel.dll
		..\Test\Test\bin\Microsoft.Office.Interop.Word.dll = ..\Test\Test\bin\Microsoft.Office.Interop.Word.dll
		..\Test\BasicKnowledge\bin\Debug\Microsoft.Practices.EnterpriseLibrary.Common.dll = ..\Test\BasicKnowledge\bin\Debug\Microsoft.Practices.EnterpriseLibrary.Common.dll
		..\Test\BasicKnowledge\bin\Debug\Microsoft.Practices.EnterpriseLibrary.PolicyInjection.dll = ..\Test\BasicKnowledge\bin\Debug\Microsoft.Practices.EnterpriseLibrary.PolicyInjection.dll
		..\Test\BasicKnowledge\bin\Debug\Microsoft.Practices.ServiceLocation.dll = ..\Test\BasicKnowledge\bin\Debug\Microsoft.Practices.ServiceLocation.dll
		..\Test\BasicKnowledge\bin\Debug\Microsoft.Practices.Unity.dll = ..\Test\BasicKnowledge\bin\Debug\Microsoft.Practices.Unity.dll
		..\Test\BasicKnowledge\bin\Debug\Microsoft.Practices.Unity.Interception.dll = ..\Test\BasicKnowledge\bin\Debug\Microsoft.Practices.Unity.Interception.dll
		..\Test\BasicKnowledge\bin\Debug\PagedList.dll = ..\Test\BasicKnowledge\bin\Debug\PagedList.dll
		..\Test\BasicKnowledge\bin\Debug\PagedList.Mvc.dll = ..\Test\BasicKnowledge\bin\Debug\PagedList.Mvc.dll
		..\Test\BasicKnowledge\bin\Debug\PagedList.Mvc.xml = ..\Test\BasicKnowledge\bin\Debug\PagedList.Mvc.xml
		..\Test\BasicKnowledge\bin\Debug\PagedList.xml = ..\Test\BasicKnowledge\bin\Debug\PagedList.xml
	EndProjectSection
EndProject
Project("{FAE04EC0-301F-11D3-BF4B-00C04F79EFBC}") = "Web", "Web\Web.csproj", "{51203A6A-947C-462B-934B-C8D697BF0A33}"
EndProject
Project("{FAE04EC0-301F-11D3-BF4B-00C04F79EFBC}") = "Utils工具", "Utils工具\Utils工具.csproj", "{1811452E-91F3-43FB-88EB-B7E7BC5F07AB}"
EndProject
Project("{FAE04EC0-301F-11D3-BF4B-00C04F79EFBC}") = "MyCore", "MyCore\MyCore.csproj", "{1CAD80D5-003D-4C3F-9A45-502B20601694}"
EndProject
Project("{FAE04EC0-301F-11D3-BF4B-00C04F79EFBC}") = "EF", "EF\EF.csproj", "{512EDD5D-2708-46CC-B35F-0929E5AFB78A}"
EndProject
Project("{FAE04EC0-301F-11D3-BF4B-00C04F79EFBC}") = "Knowledge_Point知识点", "Knowledge_Point知识点\Knowledge_Point知识点.csproj", "{61641786-162C-4058-8929-167B3324DF3E}"
EndProject
Project("{FAE04EC0-301F-11D3-BF4B-00C04F79EFBC}") = "ModelForm", "ModelForm\ModelForm.csproj", "{88917395-C58E-4807-94A8-A566B1CCD34F}"
EndProject
Project("{FAE04EC0-301F-11D3-BF4B-00C04F79EFBC}") = "Test", "Test\Test.csproj", "{D611735D-B708-419C-B139-D39F28DAC9FF}"
EndProject
Project("{FAE04EC0-301F-11D3-BF4B-00C04F79EFBC}") = "MyTest", "MyTest\MyTest.csproj", "{4EE42FAA-468B-49B5-A940-57C10A3AA72A}"
EndProject
Project("{FAE04EC0-301F-11D3-BF4B-00C04F79EFBC}") = "RabbitMQ", "RabbitMQ\RabbitMQ.csproj", "{C73EEA22-4FDC-41F0-AE34-947CC3B1F810}"
EndProject
Project("{2150E333-8FDC-42A3-9474-1A3956D46DE8}") = "工具", "工具", "{64660E3A-16FB-4EA0-A37E-22396C8A9CAB}"
EndProject
Project("{FAE04EC0-301F-11D3-BF4B-00C04F79EFBC}") = "MQProjectReceive", "MQProjectReceive\MQProjectReceive.csproj", "{16E0FCF0-7BAC-42D9-A674-EB500648321F}"
EndProject
Project("{FAE04EC0-301F-11D3-BF4B-00C04F79EFBC}") = "MQProjectReceive2", "MQProjectReceive2\MQProjectReceive2.csproj", "{6A531C1E-7314-408F-808C-79AFEB5DF96F}"
EndProject
Project("{FAE04EC0-301F-11D3-BF4B-00C04F79EFBC}") = "CommonClient", "CommonClient\CommonClient.csproj", "{BD28FBD8-C14A-4CF7-A4DC-92A0586E140C}"
EndProject
Project("{2150E333-8FDC-42A3-9474-1A3956D46DE8}") = "Core", "Core", "{2A37487F-D57A-4FE8-8DD1-B5F605E74676}"
EndProject
Project("{9A19103F-16F7-4668-BE54-9A1E7A4F7556}") = "WebAppCore", "WebAppCore\WebAppCore.csproj", "{F6739551-CB32-45C1-8CC7-57AAF471472A}"
EndProject
Project("{2150E333-8FDC-42A3-9474-1A3956D46DE8}") = "服务", "服务", "{2986AE2F-057A-48AC-A69E-FC351899CDE5}"
EndProject
Project("{FAE04EC0-301F-11D3-BF4B-00C04F79EFBC}") = "WindowsService", "WindowsService\WindowsService.csproj", "{8111559C-A939-40FA-BB4A-EAB64A58959D}"
EndProject
Project("{2150E333-8FDC-42A3-9474-1A3956D46DE8}") = "WCF服务", "WCF服务", "{AFD8A4FB-EB33-444C-9EBE-F71BBB24E795}"
EndProject
Project("{FAE04EC0-301F-11D3-BF4B-00C04F79EFBC}") = "OneWcfService", "OneWcfService\OneWcfService.csproj", "{C224CC1E-E16C-49E9-9A42-6F32F0C5DC58}"
EndProject
Project("{FAE04EC0-301F-11D3-BF4B-00C04F79EFBC}") = "ProgramService", "ProgramService\ProgramService.csproj", "{84D7446A-634D-4D56-9286-2AFB47471D4A}"
	ProjectSection(ProjectDependencies) = postProject
		{C224CC1E-E16C-49E9-9A42-6F32F0C5DC58} = {C224CC1E-E16C-49E9-9A42-6F32F0C5DC58}
	EndProjectSection
EndProject
Project("{FAE04EC0-301F-11D3-BF4B-00C04F79EFBC}") = "SqlLite", "SqlLite\SqlLite.csproj", "{2E606CE6-6BB0-4E68-815A-173634905412}"
EndProject
Project("{9A19103F-16F7-4668-BE54-9A1E7A4F7556}") = "ApiDoc", "ApiDoc\ApiDoc.csproj", "{DB973732-B662-47F9-BE26-812394050CA7}"
EndProject
Project("{FAE04EC0-301F-11D3-BF4B-00C04F79EFBC}") = "WebApi", "WebApi\WebApi.csproj", "{F2E224E5-5001-4CC8-AA74-86B5114AAE27}"
EndProject
Project("{FAE04EC0-301F-11D3-BF4B-00C04F79EFBC}") = "Zephyr.Utils", "Zephyr.Utils\Zephyr.Utils.csproj", "{B62970F8-65AA-46E0-9F11-F573C117248F}"
EndProject
Global
	GlobalSection(SolutionConfigurationPlatforms) = preSolution
		Debug|Any CPU = Debug|Any CPU
		Release|Any CPU = Release|Any CPU
	EndGlobalSection
	GlobalSection(ProjectConfigurationPlatforms) = postSolution
		{8B3FF924-A6CC-4E4D-9ED1-1A4DF8E9FD6D}.Debug|Any CPU.ActiveCfg = Debug|Any CPU
		{8B3FF924-A6CC-4E4D-9ED1-1A4DF8E9FD6D}.Debug|Any CPU.Build.0 = Debug|Any CPU
		{8B3FF924-A6CC-4E4D-9ED1-1A4DF8E9FD6D}.Release|Any CPU.ActiveCfg = Release|Any CPU
		{8B3FF924-A6CC-4E4D-9ED1-1A4DF8E9FD6D}.Release|Any CPU.Build.0 = Release|Any CPU
		{1431A7F9-8717-412A-B4AB-274AB6142C37}.Debug|Any CPU.ActiveCfg = Debug|Any CPU
		{1431A7F9-8717-412A-B4AB-274AB6142C37}.Debug|Any CPU.Build.0 = Debug|Any CPU
		{1431A7F9-8717-412A-B4AB-274AB6142C37}.Release|Any CPU.ActiveCfg = Release|Any CPU
		{1431A7F9-8717-412A-B4AB-274AB6142C37}.Release|Any CPU.Build.0 = Release|Any CPU
		{1E3943B2-B43F-45E9-A578-12DF1D6AE2D5}.Debug|Any CPU.ActiveCfg = Debug|Any CPU
		{1E3943B2-B43F-45E9-A578-12DF1D6AE2D5}.Debug|Any CPU.Build.0 = Debug|Any CPU
		{1E3943B2-B43F-45E9-A578-12DF1D6AE2D5}.Release|Any CPU.ActiveCfg = Release|Any CPU
		{1E3943B2-B43F-45E9-A578-12DF1D6AE2D5}.Release|Any CPU.Build.0 = Release|Any CPU
		{51203A6A-947C-462B-934B-C8D697BF0A33}.Debug|Any CPU.ActiveCfg = Debug|Any CPU
		{51203A6A-947C-462B-934B-C8D697BF0A33}.Debug|Any CPU.Build.0 = Debug|Any CPU
		{51203A6A-947C-462B-934B-C8D697BF0A33}.Release|Any CPU.ActiveCfg = Release|Any CPU
		{51203A6A-947C-462B-934B-C8D697BF0A33}.Release|Any CPU.Build.0 = Release|Any CPU
		{1811452E-91F3-43FB-88EB-B7E7BC5F07AB}.Debug|Any CPU.ActiveCfg = Debug|Any CPU
		{1811452E-91F3-43FB-88EB-B7E7BC5F07AB}.Debug|Any CPU.Build.0 = Debug|Any CPU
		{1811452E-91F3-43FB-88EB-B7E7BC5F07AB}.Release|Any CPU.ActiveCfg = Release|Any CPU
		{1811452E-91F3-43FB-88EB-B7E7BC5F07AB}.Release|Any CPU.Build.0 = Release|Any CPU
		{1CAD80D5-003D-4C3F-9A45-502B20601694}.Debug|Any CPU.ActiveCfg = Debug|Any CPU
		{1CAD80D5-003D-4C3F-9A45-502B20601694}.Debug|Any CPU.Build.0 = Debug|Any CPU
		{1CAD80D5-003D-4C3F-9A45-502B20601694}.Release|Any CPU.ActiveCfg = Release|Any CPU
		{1CAD80D5-003D-4C3F-9A45-502B20601694}.Release|Any CPU.Build.0 = Release|Any CPU
		{512EDD5D-2708-46CC-B35F-0929E5AFB78A}.Debug|Any CPU.ActiveCfg = Debug|Any CPU
		{512EDD5D-2708-46CC-B35F-0929E5AFB78A}.Debug|Any CPU.Build.0 = Debug|Any CPU
		{512EDD5D-2708-46CC-B35F-0929E5AFB78A}.Release|Any CPU.ActiveCfg = Release|Any CPU
		{512EDD5D-2708-46CC-B35F-0929E5AFB78A}.Release|Any CPU.Build.0 = Release|Any CPU
		{61641786-162C-4058-8929-167B3324DF3E}.Debug|Any CPU.ActiveCfg = Debug|Any CPU
		{61641786-162C-4058-8929-167B3324DF3E}.Debug|Any CPU.Build.0 = Debug|Any CPU
		{61641786-162C-4058-8929-167B3324DF3E}.Release|Any CPU.ActiveCfg = Release|Any CPU
		{61641786-162C-4058-8929-167B3324DF3E}.Release|Any CPU.Build.0 = Release|Any CPU
		{88917395-C58E-4807-94A8-A566B1CCD34F}.Debug|Any CPU.ActiveCfg = Debug|Any CPU
		{88917395-C58E-4807-94A8-A566B1CCD34F}.Debug|Any CPU.Build.0 = Debug|Any CPU
		{88917395-C58E-4807-94A8-A566B1CCD34F}.Release|Any CPU.ActiveCfg = Release|Any CPU
		{88917395-C58E-4807-94A8-A566B1CCD34F}.Release|Any CPU.Build.0 = Release|Any CPU
		{D611735D-B708-419C-B139-D39F28DAC9FF}.Debug|Any CPU.ActiveCfg = Debug|Any CPU
		{D611735D-B708-419C-B139-D39F28DAC9FF}.Debug|Any CPU.Build.0 = Debug|Any CPU
		{D611735D-B708-419C-B139-D39F28DAC9FF}.Release|Any CPU.ActiveCfg = Release|Any CPU
		{D611735D-B708-419C-B139-D39F28DAC9FF}.Release|Any CPU.Build.0 = Release|Any CPU
		{4EE42FAA-468B-49B5-A940-57C10A3AA72A}.Debug|Any CPU.ActiveCfg = Debug|Any CPU
		{4EE42FAA-468B-49B5-A940-57C10A3AA72A}.Debug|Any CPU.Build.0 = Debug|Any CPU
		{4EE42FAA-468B-49B5-A940-57C10A3AA72A}.Release|Any CPU.ActiveCfg = Release|Any CPU
		{4EE42FAA-468B-49B5-A940-57C10A3AA72A}.Release|Any CPU.Build.0 = Release|Any CPU
		{C73EEA22-4FDC-41F0-AE34-947CC3B1F810}.Debug|Any CPU.ActiveCfg = Debug|Any CPU
		{C73EEA22-4FDC-41F0-AE34-947CC3B1F810}.Debug|Any CPU.Build.0 = Debug|Any CPU
		{C73EEA22-4FDC-41F0-AE34-947CC3B1F810}.Release|Any CPU.ActiveCfg = Release|Any CPU
		{C73EEA22-4FDC-41F0-AE34-947CC3B1F810}.Release|Any CPU.Build.0 = Release|Any CPU
		{16E0FCF0-7BAC-42D9-A674-EB500648321F}.Debug|Any CPU.ActiveCfg = Debug|Any CPU
		{16E0FCF0-7BAC-42D9-A674-EB500648321F}.Debug|Any CPU.Build.0 = Debug|Any CPU
		{16E0FCF0-7BAC-42D9-A674-EB500648321F}.Release|Any CPU.ActiveCfg = Release|Any CPU
		{16E0FCF0-7BAC-42D9-A674-EB500648321F}.Release|Any CPU.Build.0 = Release|Any CPU
		{6A531C1E-7314-408F-808C-79AFEB5DF96F}.Debug|Any CPU.ActiveCfg = Debug|Any CPU
		{6A531C1E-7314-408F-808C-79AFEB5DF96F}.Debug|Any CPU.Build.0 = Debug|Any CPU
		{6A531C1E-7314-408F-808C-79AFEB5DF96F}.Release|Any CPU.ActiveCfg = Release|Any CPU
		{6A531C1E-7314-408F-808C-79AFEB5DF96F}.Release|Any CPU.Build.0 = Release|Any CPU
		{BD28FBD8-C14A-4CF7-A4DC-92A0586E140C}.Debug|Any CPU.ActiveCfg = Debug|Any CPU
		{BD28FBD8-C14A-4CF7-A4DC-92A0586E140C}.Debug|Any CPU.Build.0 = Debug|Any CPU
		{BD28FBD8-C14A-4CF7-A4DC-92A0586E140C}.Release|Any CPU.ActiveCfg = Release|Any CPU
		{BD28FBD8-C14A-4CF7-A4DC-92A0586E140C}.Release|Any CPU.Build.0 = Release|Any CPU
		{F6739551-CB32-45C1-8CC7-57AAF471472A}.Debug|Any CPU.ActiveCfg = Debug|Any CPU
		{F6739551-CB32-45C1-8CC7-57AAF471472A}.Debug|Any CPU.Build.0 = Debug|Any CPU
		{F6739551-CB32-45C1-8CC7-57AAF471472A}.Release|Any CPU.ActiveCfg = Release|Any CPU
		{F6739551-CB32-45C1-8CC7-57AAF471472A}.Release|Any CPU.Build.0 = Release|Any CPU
		{8111559C-A939-40FA-BB4A-EAB64A58959D}.Debug|Any CPU.ActiveCfg = Debug|Any CPU
		{8111559C-A939-40FA-BB4A-EAB64A58959D}.Debug|Any CPU.Build.0 = Debug|Any CPU
		{8111559C-A939-40FA-BB4A-EAB64A58959D}.Release|Any CPU.ActiveCfg = Release|Any CPU
		{8111559C-A939-40FA-BB4A-EAB64A58959D}.Release|Any CPU.Build.0 = Release|Any CPU
		{C224CC1E-E16C-49E9-9A42-6F32F0C5DC58}.Debug|Any CPU.ActiveCfg = Debug|Any CPU
		{C224CC1E-E16C-49E9-9A42-6F32F0C5DC58}.Debug|Any CPU.Build.0 = Debug|Any CPU
		{C224CC1E-E16C-49E9-9A42-6F32F0C5DC58}.Release|Any CPU.ActiveCfg = Release|Any CPU
		{C224CC1E-E16C-49E9-9A42-6F32F0C5DC58}.Release|Any CPU.Build.0 = Release|Any CPU
		{84D7446A-634D-4D56-9286-2AFB47471D4A}.Debug|Any CPU.ActiveCfg = Debug|Any CPU
		{84D7446A-634D-4D56-9286-2AFB47471D4A}.Debug|Any CPU.Build.0 = Debug|Any CPU
		{84D7446A-634D-4D56-9286-2AFB47471D4A}.Release|Any CPU.ActiveCfg = Release|Any CPU
		{84D7446A-634D-4D56-9286-2AFB47471D4A}.Release|Any CPU.Build.0 = Release|Any CPU
		{2E606CE6-6BB0-4E68-815A-173634905412}.Debug|Any CPU.ActiveCfg = Debug|Any CPU
		{2E606CE6-6BB0-4E68-815A-173634905412}.Debug|Any CPU.Build.0 = Debug|Any CPU
		{2E606CE6-6BB0-4E68-815A-173634905412}.Release|Any CPU.ActiveCfg = Release|Any CPU
		{2E606CE6-6BB0-4E68-815A-173634905412}.Release|Any CPU.Build.0 = Release|Any CPU
		{DB973732-B662-47F9-BE26-812394050CA7}.Debug|Any CPU.ActiveCfg = Debug|Any CPU
		{DB973732-B662-47F9-BE26-812394050CA7}.Debug|Any CPU.Build.0 = Debug|Any CPU
		{DB973732-B662-47F9-BE26-812394050CA7}.Release|Any CPU.ActiveCfg = Release|Any CPU
		{DB973732-B662-47F9-BE26-812394050CA7}.Release|Any CPU.Build.0 = Release|Any CPU
		{F2E224E5-5001-4CC8-AA74-86B5114AAE27}.Debug|Any CPU.ActiveCfg = Debug|Any CPU
		{F2E224E5-5001-4CC8-AA74-86B5114AAE27}.Debug|Any CPU.Build.0 = Debug|Any CPU
		{F2E224E5-5001-4CC8-AA74-86B5114AAE27}.Release|Any CPU.ActiveCfg = Release|Any CPU
		{F2E224E5-5001-4CC8-AA74-86B5114AAE27}.Release|Any CPU.Build.0 = Release|Any CPU
		{B62970F8-65AA-46E0-9F11-F573C117248F}.Debug|Any CPU.ActiveCfg = Debug|Any CPU
		{B62970F8-65AA-46E0-9F11-F573C117248F}.Debug|Any CPU.Build.0 = Debug|Any CPU
		{B62970F8-65AA-46E0-9F11-F573C117248F}.Release|Any CPU.ActiveCfg = Release|Any CPU
		{B62970F8-65AA-46E0-9F11-F573C117248F}.Release|Any CPU.Build.0 = Release|Any CPU
	EndGlobalSection
	GlobalSection(SolutionProperties) = preSolution
		HideSolutionNode = FALSE
	EndGlobalSection
	GlobalSection(NestedProjects) = preSolution
		{C73EEA22-4FDC-41F0-AE34-947CC3B1F810} = {64660E3A-16FB-4EA0-A37E-22396C8A9CAB}
		{16E0FCF0-7BAC-42D9-A674-EB500648321F} = {64660E3A-16FB-4EA0-A37E-22396C8A9CAB}
		{6A531C1E-7314-408F-808C-79AFEB5DF96F} = {64660E3A-16FB-4EA0-A37E-22396C8A9CAB}
		{BD28FBD8-C14A-4CF7-A4DC-92A0586E140C} = {64660E3A-16FB-4EA0-A37E-22396C8A9CAB}
		{F6739551-CB32-45C1-8CC7-57AAF471472A} = {2A37487F-D57A-4FE8-8DD1-B5F605E74676}
		{8111559C-A939-40FA-BB4A-EAB64A58959D} = {2986AE2F-057A-48AC-A69E-FC351899CDE5}
		{C224CC1E-E16C-49E9-9A42-6F32F0C5DC58} = {AFD8A4FB-EB33-444C-9EBE-F71BBB24E795}
		{84D7446A-634D-4D56-9286-2AFB47471D4A} = {AFD8A4FB-EB33-444C-9EBE-F71BBB24E795}
		{2E606CE6-6BB0-4E68-815A-173634905412} = {64660E3A-16FB-4EA0-A37E-22396C8A9CAB}
		{DB973732-B662-47F9-BE26-812394050CA7} = {2A37487F-D57A-4FE8-8DD1-B5F605E74676}
	EndGlobalSection
	GlobalSection(ExtensibilityGlobals) = postSolution
		SolutionGuid = {062B60E2-818C-4862-B3CD-DE5519639107}
	EndGlobalSection
EndGlobal
